// !$*UTF8*$!
{
	archiveVersion = 1;
	classes = {
	};
	objectVersion = 46;
	objects = {

/* Begin PBXBuildFile section */
		1F01DD811CA2D4CB00457174 /* settingsTableViewController.swift in Sources */ = {isa = PBXBuildFile; fileRef = 1F01DD801CA2D4CB00457174 /* settingsTableViewController.swift */; };
		1F01DD831CA2D83600457174 /* setting.swift in Sources */ = {isa = PBXBuildFile; fileRef = 1F01DD821CA2D83600457174 /* setting.swift */; };
		1F01DD871CA2EDD400457174 /* myprofileTableViewController.swift in Sources */ = {isa = PBXBuildFile; fileRef = 1F01DD861CA2EDD400457174 /* myprofileTableViewController.swift */; };
		1F01DD8C1CA2F41600457174 /* settingsTableViewCell.swift in Sources */ = {isa = PBXBuildFile; fileRef = 1F01DD8B1CA2F41600457174 /* settingsTableViewCell.swift */; };
		1F01DD8E1CA2F5E400457174 /* profile.swift in Sources */ = {isa = PBXBuildFile; fileRef = 1F01DD8D1CA2F5E400457174 /* profile.swift */; };
		1F0F28821CA17421003A7121 /* mapviews.swift in Sources */ = {isa = PBXBuildFile; fileRef = 1F0F28811CA17421003A7121 /* mapviews.swift */; };
		1F183F271CA4359800034862 /* carTableViewController.swift in Sources */ = {isa = PBXBuildFile; fileRef = 1F183F261CA4359800034862 /* carTableViewController.swift */; };
		1F183F2A1CA435DC00034862 /* car.swift in Sources */ = {isa = PBXBuildFile; fileRef = 1F183F291CA435DC00034862 /* car.swift */; };
		1F29D4201C8B49E2009484E1 /* home.swift in Sources */ = {isa = PBXBuildFile; fileRef = 1F29D41F1C8B49E2009484E1 /* home.swift */; };
		1F70FF9C1CAA9DFA00AA386C /* reportsTableViewController.swift in Sources */ = {isa = PBXBuildFile; fileRef = 1F70FF9B1CAA9DFA00AA386C /* reportsTableViewController.swift */; };
		1F70FF9E1CAAAF6600AA386C /* openfiles.swift in Sources */ = {isa = PBXBuildFile; fileRef = 1F70FF9D1CAAAF6600AA386C /* openfiles.swift */; };
		1FC39D0E1CA9532A00B856F2 /* savereportViewController.swift in Sources */ = {isa = PBXBuildFile; fileRef = 1FC39D0D1CA9532A00B856F2 /* savereportViewController.swift */; };
		1FC636E81C85EAD800B0434C /* login.swift in Sources */ = {isa = PBXBuildFile; fileRef = 1FC636E71C85EAD800B0434C /* login.swift */; };
		1FC6445E1C8EE16600A19040 /* TesseractOCR.framework in Frameworks */ = {isa = PBXBuildFile; fileRef = 1FC6445D1C8EE16600A19040 /* TesseractOCR.framework */; };
		1FC644601C8EE1CB00A19040 /* tessdata in Resources */ = {isa = PBXBuildFile; fileRef = 1FC6445F1C8EE1CB00A19040 /* tessdata */; };
		1FC644621C8EE26300A19040 /* CoreImage.framework in Frameworks */ = {isa = PBXBuildFile; fileRef = 1FC644611C8EE26300A19040 /* CoreImage.framework */; };
		1FC644641C8EE27F00A19040 /* libstdc++.dylib in Frameworks */ = {isa = PBXBuildFile; fileRef = 1FC644631C8EE27F00A19040 /* libstdc++.dylib */; };
		1FEC91FF1C847401003A4D07 /* AppDelegate.swift in Sources */ = {isa = PBXBuildFile; fileRef = 1FEC91FE1C847401003A4D07 /* AppDelegate.swift */; };
		1FEC92021C847401003A4D07 /* CarCamera.xcdatamodeld in Sources */ = {isa = PBXBuildFile; fileRef = 1FEC92001C847401003A4D07 /* CarCamera.xcdatamodeld */; };
		1FEC92041C847401003A4D07 /* ViewController.swift in Sources */ = {isa = PBXBuildFile; fileRef = 1FEC92031C847401003A4D07 /* ViewController.swift */; };
		1FEC92071C847401003A4D07 /* Main.storyboard in Resources */ = {isa = PBXBuildFile; fileRef = 1FEC92051C847401003A4D07 /* Main.storyboard */; };
		1FEC92091C847401003A4D07 /* Images.xcassets in Resources */ = {isa = PBXBuildFile; fileRef = 1FEC92081C847401003A4D07 /* Images.xcassets */; };
		1FEC920C1C847401003A4D07 /* LaunchScreen.xib in Resources */ = {isa = PBXBuildFile; fileRef = 1FEC920A1C847401003A4D07 /* LaunchScreen.xib */; };
		1FEC92181C847402003A4D07 /* CarCameraTests.swift in Sources */ = {isa = PBXBuildFile; fileRef = 1FEC92171C847402003A4D07 /* CarCameraTests.swift */; };
		1FEC922B1C848963003A4D07 /* TFHpple.m in Sources */ = {isa = PBXBuildFile; fileRef = 1FEC92261C848963003A4D07 /* TFHpple.m */; };
		1FEC922C1C848963003A4D07 /* TFHppleElement.m in Sources */ = {isa = PBXBuildFile; fileRef = 1FEC92281C848963003A4D07 /* TFHppleElement.m */; };
		1FEC922D1C848963003A4D07 /* XPathQuery.m in Sources */ = {isa = PBXBuildFile; fileRef = 1FEC922A1C848963003A4D07 /* XPathQuery.m */; };
		1FEC922F1C848A17003A4D07 /* libxml2.dylib in Frameworks */ = {isa = PBXBuildFile; fileRef = 1FEC922E1C848A17003A4D07 /* libxml2.dylib */; };
		1FEC92331C848CE3003A4D07 /* Register.swift in Sources */ = {isa = PBXBuildFile; fileRef = 1FEC92321C848CE2003A4D07 /* Register.swift */; };
		1FEC923C1C84952A003A4D07 /* libxml2.2.dylib in Frameworks */ = {isa = PBXBuildFile; fileRef = 1FEC923B1C84952A003A4D07 /* libxml2.2.dylib */; };
		1FF90D731CAB087200A79640 /* imageview.swift in Sources */ = {isa = PBXBuildFile; fileRef = 1FF90D721CAB087200A79640 /* imageview.swift */; };
		1FFE3D371C8DE205002BA261 /* FileReport.swift in Sources */ = {isa = PBXBuildFile; fileRef = 1FFE3D361C8DE205002BA261 /* FileReport.swift */; };
		1FFE3D391C8DE920002BA261 /* Users.swift in Sources */ = {isa = PBXBuildFile; fileRef = 1FFE3D381C8DE920002BA261 /* Users.swift */; };
/* End PBXBuildFile section */

/* Begin PBXContainerItemProxy section */
		1FEC92121C847401003A4D07 /* PBXContainerItemProxy */ = {
			isa = PBXContainerItemProxy;
			containerPortal = 1FEC91F11C847401003A4D07 /* Project object */;
			proxyType = 1;
			remoteGlobalIDString = 1FEC91F81C847401003A4D07;
			remoteInfo = CarCamera;
		};
/* End PBXContainerItemProxy section */

/* Begin PBXFileReference section */
		1F01DD801CA2D4CB00457174 /* settingsTableViewController.swift */ = {isa = PBXFileReference; fileEncoding = 4; lastKnownFileType = sourcecode.swift; path = settingsTableViewController.swift; sourceTree = "<group>"; };
		1F01DD821CA2D83600457174 /* setting.swift */ = {isa = PBXFileReference; fileEncoding = 4; lastKnownFileType = sourcecode.swift; path = setting.swift; sourceTree = "<group>"; };
		1F01DD861CA2EDD400457174 /* myprofileTableViewController.swift */ = {isa = PBXFileReference; fileEncoding = 4; lastKnownFileType = sourcecode.swift; path = myprofileTableViewController.swift; sourceTree = "<group>"; };
		1F01DD8B1CA2F41600457174 /* settingsTableViewCell.swift */ = {isa = PBXFileReference; fileEncoding = 4; lastKnownFileType = sourcecode.swift; path = settingsTableViewCell.swift; sourceTree = "<group>"; };
		1F01DD8D1CA2F5E400457174 /* profile.swift */ = {isa = PBXFileReference; fileEncoding = 4; lastKnownFileType = sourcecode.swift; path = profile.swift; sourceTree = "<group>"; };
		1F0F28811CA17421003A7121 /* mapviews.swift */ = {isa = PBXFileReference; fileEncoding = 4; lastKnownFileType = sourcecode.swift; path = mapviews.swift; sourceTree = "<group>"; };
		1F183F261CA4359800034862 /* carTableViewController.swift */ = {isa = PBXFileReference; fileEncoding = 4; lastKnownFileType = sourcecode.swift; path = carTableViewController.swift; sourceTree = "<group>"; };
		1F183F291CA435DC00034862 /* car.swift */ = {isa = PBXFileReference; fileEncoding = 4; lastKnownFileType = sourcecode.swift; path = car.swift; sourceTree = "<group>"; };
		1F29D41F1C8B49E2009484E1 /* home.swift */ = {isa = PBXFileReference; fileEncoding = 4; lastKnownFileType = sourcecode.swift; path = home.swift; sourceTree = "<group>"; };
		1F70FF9B1CAA9DFA00AA386C /* reportsTableViewController.swift */ = {isa = PBXFileReference; fileEncoding = 4; lastKnownFileType = sourcecode.swift; path = reportsTableViewController.swift; sourceTree = "<group>"; };
		1F70FF9D1CAAAF6600AA386C /* openfiles.swift */ = {isa = PBXFileReference; fileEncoding = 4; lastKnownFileType = sourcecode.swift; path = openfiles.swift; sourceTree = "<group>"; };
		1FC39D0D1CA9532A00B856F2 /* savereportViewController.swift */ = {isa = PBXFileReference; fileEncoding = 4; lastKnownFileType = sourcecode.swift; path = savereportViewController.swift; sourceTree = "<group>"; };
		1FC636E71C85EAD800B0434C /* login.swift */ = {isa = PBXFileReference; fileEncoding = 4; lastKnownFileType = sourcecode.swift; path = login.swift; sourceTree = "<group>"; };
		1FC6445D1C8EE16600A19040 /* TesseractOCR.framework */ = {isa = PBXFileReference; lastKnownFileType = wrapper.framework; path = TesseractOCR.framework; sourceTree = "<group>"; };
		1FC6445F1C8EE1CB00A19040 /* tessdata */ = {isa = PBXFileReference; lastKnownFileType = folder; path = tessdata; sourceTree = "<group>"; };
		1FC644611C8EE26300A19040 /* CoreImage.framework */ = {isa = PBXFileReference; lastKnownFileType = wrapper.framework; name = CoreImage.framework; path = System/Library/Frameworks/CoreImage.framework; sourceTree = SDKROOT; };
		1FC644631C8EE27F00A19040 /* libstdc++.dylib */ = {isa = PBXFileReference; lastKnownFileType = "compiled.mach-o.dylib"; name = "libstdc++.dylib"; path = "usr/lib/libstdc++.dylib"; sourceTree = SDKROOT; };
		1FEC91F91C847401003A4D07 /* CarCamera.app */ = {isa = PBXFileReference; explicitFileType = wrapper.application; includeInIndex = 0; path = CarCamera.app; sourceTree = BUILT_PRODUCTS_DIR; };
		1FEC91FD1C847401003A4D07 /* Info.plist */ = {isa = PBXFileReference; lastKnownFileType = text.plist.xml; path = Info.plist; sourceTree = "<group>"; };
		1FEC91FE1C847401003A4D07 /* AppDelegate.swift */ = {isa = PBXFileReference; lastKnownFileType = sourcecode.swift; path = AppDelegate.swift; sourceTree = "<group>"; };
		1FEC92011C847401003A4D07 /* CarCamera.xcdatamodel */ = {isa = PBXFileReference; lastKnownFileType = wrapper.xcdatamodel; path = CarCamera.xcdatamodel; sourceTree = "<group>"; };
		1FEC92031C847401003A4D07 /* ViewController.swift */ = {isa = PBXFileReference; lastKnownFileType = sourcecode.swift; path = ViewController.swift; sourceTree = "<group>"; };
		1FEC92061C847401003A4D07 /* Base */ = {isa = PBXFileReference; lastKnownFileType = file.storyboard; name = Base; path = Base.lproj/Main.storyboard; sourceTree = "<group>"; };
		1FEC92081C847401003A4D07 /* Images.xcassets */ = {isa = PBXFileReference; lastKnownFileType = folder.assetcatalog; path = Images.xcassets; sourceTree = "<group>"; };
		1FEC920B1C847401003A4D07 /* Base */ = {isa = PBXFileReference; lastKnownFileType = file.xib; name = Base; path = Base.lproj/LaunchScreen.xib; sourceTree = "<group>"; };
		1FEC92111C847401003A4D07 /* CarCameraTests.xctest */ = {isa = PBXFileReference; explicitFileType = wrapper.cfbundle; includeInIndex = 0; path = CarCameraTests.xctest; sourceTree = BUILT_PRODUCTS_DIR; };
		1FEC92161C847402003A4D07 /* Info.plist */ = {isa = PBXFileReference; lastKnownFileType = text.plist.xml; path = Info.plist; sourceTree = "<group>"; };
		1FEC92171C847402003A4D07 /* CarCameraTests.swift */ = {isa = PBXFileReference; lastKnownFileType = sourcecode.swift; path = CarCameraTests.swift; sourceTree = "<group>"; };
		1FEC92251C848963003A4D07 /* TFHpple.h */ = {isa = PBXFileReference; fileEncoding = 4; lastKnownFileType = sourcecode.c.h; path = TFHpple.h; sourceTree = "<group>"; };
		1FEC92261C848963003A4D07 /* TFHpple.m */ = {isa = PBXFileReference; fileEncoding = 4; lastKnownFileType = sourcecode.c.objc; path = TFHpple.m; sourceTree = "<group>"; };
		1FEC92271C848963003A4D07 /* TFHppleElement.h */ = {isa = PBXFileReference; fileEncoding = 4; lastKnownFileType = sourcecode.c.h; path = TFHppleElement.h; sourceTree = "<group>"; };
		1FEC92281C848963003A4D07 /* TFHppleElement.m */ = {isa = PBXFileReference; fileEncoding = 4; lastKnownFileType = sourcecode.c.objc; path = TFHppleElement.m; sourceTree = "<group>"; };
		1FEC92291C848963003A4D07 /* XPathQuery.h */ = {isa = PBXFileReference; fileEncoding = 4; lastKnownFileType = sourcecode.c.h; path = XPathQuery.h; sourceTree = "<group>"; };
		1FEC922A1C848963003A4D07 /* XPathQuery.m */ = {isa = PBXFileReference; fileEncoding = 4; lastKnownFileType = sourcecode.c.objc; path = XPathQuery.m; sourceTree = "<group>"; };
		1FEC922E1C848A17003A4D07 /* libxml2.dylib */ = {isa = PBXFileReference; lastKnownFileType = "compiled.mach-o.dylib"; name = libxml2.dylib; path = usr/lib/libxml2.dylib; sourceTree = SDKROOT; };
		1FEC92321C848CE2003A4D07 /* Register.swift */ = {isa = PBXFileReference; fileEncoding = 4; lastKnownFileType = sourcecode.swift; path = Register.swift; sourceTree = "<group>"; };
		1FEC923B1C84952A003A4D07 /* libxml2.2.dylib */ = {isa = PBXFileReference; lastKnownFileType = "compiled.mach-o.dylib"; name = libxml2.2.dylib; path = usr/lib/libxml2.2.dylib; sourceTree = SDKROOT; };
		1FF90D721CAB087200A79640 /* imageview.swift */ = {isa = PBXFileReference; fileEncoding = 4; lastKnownFileType = sourcecode.swift; path = imageview.swift; sourceTree = "<group>"; };
		1FFE3D361C8DE205002BA261 /* FileReport.swift */ = {isa = PBXFileReference; fileEncoding = 4; lastKnownFileType = sourcecode.swift; path = FileReport.swift; sourceTree = "<group>"; };
		1FFE3D381C8DE920002BA261 /* Users.swift */ = {isa = PBXFileReference; fileEncoding = 4; lastKnownFileType = sourcecode.swift; path = Users.swift; sourceTree = "<group>"; };
/* End PBXFileReference section */

/* Begin PBXFrameworksBuildPhase section */
		1FEC91F61C847401003A4D07 /* Frameworks */ = {
			isa = PBXFrameworksBuildPhase;
			buildActionMask = 2147483647;
			files = (
				1FC644641C8EE27F00A19040 /* libstdc++.dylib in Frameworks */,
				1FC644621C8EE26300A19040 /* CoreImage.framework in Frameworks */,
				1FEC923C1C84952A003A4D07 /* libxml2.2.dylib in Frameworks */,
				1FC6445E1C8EE16600A19040 /* TesseractOCR.framework in Frameworks */,
				1FEC922F1C848A17003A4D07 /* libxml2.dylib in Frameworks */,
			);
			runOnlyForDeploymentPostprocessing = 0;
		};
		1FEC920E1C847401003A4D07 /* Frameworks */ = {
			isa = PBXFrameworksBuildPhase;
			buildActionMask = 2147483647;
			files = (
			);
			runOnlyForDeploymentPostprocessing = 0;
		};
/* End PBXFrameworksBuildPhase section */

/* Begin PBXGroup section */
		1F183F281CA435A400034862 /* tablecontrollers */ = {
			isa = PBXGroup;
			children = (
				1F70FF9B1CAA9DFA00AA386C /* reportsTableViewController.swift */,
				1F183F261CA4359800034862 /* carTableViewController.swift */,
				1F01DD8B1CA2F41600457174 /* settingsTableViewCell.swift */,
				1F01DD861CA2EDD400457174 /* myprofileTableViewController.swift */,
				1F01DD801CA2D4CB00457174 /* settingsTableViewController.swift */,
			);
			name = tablecontrollers;
			sourceTree = "<group>";
		};
		1FEC91F01C847401003A4D07 = {
			isa = PBXGroup;
			children = (
				1FC644631C8EE27F00A19040 /* libstdc++.dylib */,
				1FC644611C8EE26300A19040 /* CoreImage.framework */,
				1FEC923B1C84952A003A4D07 /* libxml2.2.dylib */,
				1FEC922E1C848A17003A4D07 /* libxml2.dylib */,
				1FEC91FB1C847401003A4D07 /* CarCamera */,
				1FEC92141C847402003A4D07 /* CarCameraTests */,
				1FEC91FA1C847401003A4D07 /* Products */,
			);
			sourceTree = "<group>";
		};
		1FEC91FA1C847401003A4D07 /* Products */ = {
			isa = PBXGroup;
			children = (
				1FEC91F91C847401003A4D07 /* CarCamera.app */,
				1FEC92111C847401003A4D07 /* CarCameraTests.xctest */,
			);
			name = Products;
			sourceTree = "<group>";
		};
		1FEC91FB1C847401003A4D07 /* CarCamera */ = {
			isa = PBXGroup;
			children = (
				1F183F281CA435A400034862 /* tablecontrollers */,
				1F0F28811CA17421003A7121 /* mapviews.swift */,
				1F70FF9D1CAAAF6600AA386C /* openfiles.swift */,
				1FF90D721CAB087200A79640 /* imageview.swift */,
				1FC39D0D1CA9532A00B856F2 /* savereportViewController.swift */,
				1FFE3D361C8DE205002BA261 /* FileReport.swift */,
				1F29D41F1C8B49E2009484E1 /* home.swift */,
				1FC636E71C85EAD800B0434C /* login.swift */,
				1FEC92321C848CE2003A4D07 /* Register.swift */,
				1FEC92231C8488F9003A4D07 /* hpple */,
				1FEC91FE1C847401003A4D07 /* AppDelegate.swift */,
				1FEC92031C847401003A4D07 /* ViewController.swift */,
				1FEC92051C847401003A4D07 /* Main.storyboard */,
				1FEC92081C847401003A4D07 /* Images.xcassets */,
				1FEC920A1C847401003A4D07 /* LaunchScreen.xib */,
				1FEC92001C847401003A4D07 /* CarCamera.xcdatamodeld */,
				1FEC91FC1C847401003A4D07 /* Supporting Files */,
				1F01DD8D1CA2F5E400457174 /* profile.swift */,
				1FFE3D381C8DE920002BA261 /* Users.swift */,
				1F183F291CA435DC00034862 /* car.swift */,
				1F01DD821CA2D83600457174 /* setting.swift */,
			);
			path = CarCamera;
			sourceTree = "<group>";
		};
		1FEC91FC1C847401003A4D07 /* Supporting Files */ = {
			isa = PBXGroup;
			children = (
				1FC6445D1C8EE16600A19040 /* TesseractOCR.framework */,
				1FC6445F1C8EE1CB00A19040 /* tessdata */,
				1FEC91FD1C847401003A4D07 /* Info.plist */,
			);
			name = "Supporting Files";
			sourceTree = "<group>";
		};
		1FEC92141C847402003A4D07 /* CarCameraTests */ = {
			isa = PBXGroup;
			children = (
				1FEC92171C847402003A4D07 /* CarCameraTests.swift */,
				1FEC92151C847402003A4D07 /* Supporting Files */,
			);
			path = CarCameraTests;
			sourceTree = "<group>";
		};
		1FEC92151C847402003A4D07 /* Supporting Files */ = {
			isa = PBXGroup;
			children = (
				1FEC92161C847402003A4D07 /* Info.plist */,
			);
			name = "Supporting Files";
			sourceTree = "<group>";
		};
		1FEC92231C8488F9003A4D07 /* hpple */ = {
			isa = PBXGroup;
			children = (
				1FEC92251C848963003A4D07 /* TFHpple.h */,
				1FEC92261C848963003A4D07 /* TFHpple.m */,
				1FEC92271C848963003A4D07 /* TFHppleElement.h */,
				1FEC92281C848963003A4D07 /* TFHppleElement.m */,
				1FEC92291C848963003A4D07 /* XPathQuery.h */,
				1FEC922A1C848963003A4D07 /* XPathQuery.m */,
			);
			name = hpple;
			sourceTree = "<group>";
		};
/* End PBXGroup section */

/* Begin PBXNativeTarget section */
		1FEC91F81C847401003A4D07 /* CarCamera */ = {
			isa = PBXNativeTarget;
			buildConfigurationList = 1FEC921B1C847402003A4D07 /* Build configuration list for PBXNativeTarget "CarCamera" */;
			buildPhases = (
				1FEC91F51C847401003A4D07 /* Sources */,
				1FEC91F61C847401003A4D07 /* Frameworks */,
				1FEC91F71C847401003A4D07 /* Resources */,
			);
			buildRules = (
			);
			dependencies = (
			);
			name = CarCamera;
			productName = CarCamera;
			productReference = 1FEC91F91C847401003A4D07 /* CarCamera.app */;
			productType = "com.apple.product-type.application";
		};
		1FEC92101C847401003A4D07 /* CarCameraTests */ = {
			isa = PBXNativeTarget;
			buildConfigurationList = 1FEC921E1C847402003A4D07 /* Build configuration list for PBXNativeTarget "CarCameraTests" */;
			buildPhases = (
				1FEC920D1C847401003A4D07 /* Sources */,
				1FEC920E1C847401003A4D07 /* Frameworks */,
				1FEC920F1C847401003A4D07 /* Resources */,
			);
			buildRules = (
			);
			dependencies = (
				1FEC92131C847401003A4D07 /* PBXTargetDependency */,
			);
			name = CarCameraTests;
			productName = CarCameraTests;
			productReference = 1FEC92111C847401003A4D07 /* CarCameraTests.xctest */;
			productType = "com.apple.product-type.bundle.unit-test";
		};
/* End PBXNativeTarget section */

/* Begin PBXProject section */
		1FEC91F11C847401003A4D07 /* Project object */ = {
			isa = PBXProject;
			attributes = {
				LastUpgradeCheck = 0640;
				ORGANIZATIONNAME = "Bobby Carver";
				TargetAttributes = {
					1FEC91F81C847401003A4D07 = {
						CreatedOnToolsVersion = 6.4;
					};
					1FEC92101C847401003A4D07 = {
						CreatedOnToolsVersion = 6.4;
						TestTargetID = 1FEC91F81C847401003A4D07;
					};
				};
			};
			buildConfigurationList = 1FEC91F41C847401003A4D07 /* Build configuration list for PBXProject "CarCamera" */;
			compatibilityVersion = "Xcode 3.2";
			developmentRegion = English;
			hasScannedForEncodings = 0;
			knownRegions = (
				en,
				Base,
			);
			mainGroup = 1FEC91F01C847401003A4D07;
			productRefGroup = 1FEC91FA1C847401003A4D07 /* Products */;
			projectDirPath = "";
			projectRoot = "";
			targets = (
				1FEC91F81C847401003A4D07 /* CarCamera */,
				1FEC92101C847401003A4D07 /* CarCameraTests */,
			);
		};
/* End PBXProject section */

/* Begin PBXResourcesBuildPhase section */
		1FEC91F71C847401003A4D07 /* Resources */ = {
			isa = PBXResourcesBuildPhase;
			buildActionMask = 2147483647;
			files = (
				1FEC92071C847401003A4D07 /* Main.storyboard in Resources */,
				1FC644601C8EE1CB00A19040 /* tessdata in Resources */,
				1FEC920C1C847401003A4D07 /* LaunchScreen.xib in Resources */,
				1FEC92091C847401003A4D07 /* Images.xcassets in Resources */,
			);
			runOnlyForDeploymentPostprocessing = 0;
		};
		1FEC920F1C847401003A4D07 /* Resources */ = {
			isa = PBXResourcesBuildPhase;
			buildActionMask = 2147483647;
			files = (
			);
			runOnlyForDeploymentPostprocessing = 0;
		};
/* End PBXResourcesBuildPhase section */

/* Begin PBXSourcesBuildPhase section */
		1FEC91F51C847401003A4D07 /* Sources */ = {
			isa = PBXSourcesBuildPhase;
			buildActionMask = 2147483647;
			files = (
				1FEC92041C847401003A4D07 /* ViewController.swift in Sources */,
				1FEC91FF1C847401003A4D07 /* AppDelegate.swift in Sources */,
				1FFE3D371C8DE205002BA261 /* FileReport.swift in Sources */,
				1F70FF9E1CAAAF6600AA386C /* openfiles.swift in Sources */,
				1FEC92021C847401003A4D07 /* CarCamera.xcdatamodeld in Sources */,
				1F183F271CA4359800034862 /* carTableViewController.swift in Sources */,
				1FC636E81C85EAD800B0434C /* login.swift in Sources */,
				1FEC922B1C848963003A4D07 /* TFHpple.m in Sources */,
				1F01DD831CA2D83600457174 /* setting.swift in Sources */,
				1F183F2A1CA435DC00034862 /* car.swift in Sources */,
				1F70FF9C1CAA9DFA00AA386C /* reportsTableViewController.swift in Sources */,
				1FC39D0E1CA9532A00B856F2 /* savereportViewController.swift in Sources */,
				1F01DD871CA2EDD400457174 /* myprofileTableViewController.swift in Sources */,
				1F01DD811CA2D4CB00457174 /* settingsTableViewController.swift in Sources */,
				1FEC92331C848CE3003A4D07 /* Register.swift in Sources */,
				1FF90D731CAB087200A79640 /* imageview.swift in Sources */,
				1F01DD8C1CA2F41600457174 /* settingsTableViewCell.swift in Sources */,
				1F01DD8E1CA2F5E400457174 /* profile.swift in Sources */,
				1FEC922D1C848963003A4D07 /* XPathQuery.m in Sources */,
				1F29D4201C8B49E2009484E1 /* home.swift in Sources */,
				1F0F28821CA17421003A7121 /* mapviews.swift in Sources */,
				1FEC922C1C848963003A4D07 /* TFHppleElement.m in Sources */,
				1FFE3D391C8DE920002BA261 /* Users.swift in Sources */,
			);
			runOnlyForDeploymentPostprocessing = 0;
		};
		1FEC920D1C847401003A4D07 /* Sources */ = {
			isa = PBXSourcesBuildPhase;
			buildActionMask = 2147483647;
			files = (
				1FEC92181C847402003A4D07 /* CarCameraTests.swift in Sources */,
			);
			runOnlyForDeploymentPostprocessing = 0;
		};
/* End PBXSourcesBuildPhase section */

/* Begin PBXTargetDependency section */
		1FEC92131C847401003A4D07 /* PBXTargetDependency */ = {
			isa = PBXTargetDependency;
			target = 1FEC91F81C847401003A4D07 /* CarCamera */;
			targetProxy = 1FEC92121C847401003A4D07 /* PBXContainerItemProxy */;
		};
/* End PBXTargetDependency section */

/* Begin PBXVariantGroup section */
		1FEC92051C847401003A4D07 /* Main.storyboard */ = {
			isa = PBXVariantGroup;
			children = (
				1FEC92061C847401003A4D07 /* Base */,
			);
			name = Main.storyboard;
			sourceTree = "<group>";
		};
		1FEC920A1C847401003A4D07 /* LaunchScreen.xib */ = {
			isa = PBXVariantGroup;
			children = (
				1FEC920B1C847401003A4D07 /* Base */,
			);
			name = LaunchScreen.xib;
			sourceTree = "<group>";
		};
/* End PBXVariantGroup section */

/* Begin XCBuildConfiguration section */
		1FEC92191C847402003A4D07 /* Debug */ = {
			isa = XCBuildConfiguration;
			buildSettings = {
				ALWAYS_SEARCH_USER_PATHS = NO;
				CLANG_CXX_LANGUAGE_STANDARD = "gnu++0x";
				CLANG_CXX_LIBRARY = "libc++";
				CLANG_ENABLE_MODULES = YES;
				CLANG_ENABLE_OBJC_ARC = YES;
				CLANG_WARN_BOOL_CONVERSION = YES;
				CLANG_WARN_CONSTANT_CONVERSION = YES;
				CLANG_WARN_DIRECT_OBJC_ISA_USAGE = YES_ERROR;
				CLANG_WARN_EMPTY_BODY = YES;
				CLANG_WARN_ENUM_CONVERSION = YES;
				CLANG_WARN_INT_CONVERSION = YES;
				CLANG_WARN_OBJC_ROOT_CLASS = YES_ERROR;
				CLANG_WARN_UNREACHABLE_CODE = YES;
				CLANG_WARN__DUPLICATE_METHOD_MATCH = YES;
				"CODE_SIGN_IDENTITY[sdk=iphoneos*]" = "iPhone Developer";
				COPY_PHASE_STRIP = NO;
				DEBUG_INFORMATION_FORMAT = "dwarf-with-dsym";
				ENABLE_STRICT_OBJC_MSGSEND = YES;
				GCC_C_LANGUAGE_STANDARD = gnu99;
				GCC_DYNAMIC_NO_PIC = NO;
				GCC_NO_COMMON_BLOCKS = YES;
				GCC_OPTIMIZATION_LEVEL = 0;
				GCC_PREPROCESSOR_DEFINITIONS = (
					"DEBUG=1",
					"$(inherited)",
				);
				GCC_SYMBOLS_PRIVATE_EXTERN = NO;
				GCC_WARN_64_TO_32_BIT_CONVERSION = YES;
				GCC_WARN_ABOUT_RETURN_TYPE = YES_ERROR;
				GCC_WARN_UNDECLARED_SELECTOR = YES;
				GCC_WARN_UNINITIALIZED_AUTOS = YES_AGGRESSIVE;
				GCC_WARN_UNUSED_FUNCTION = YES;
				GCC_WARN_UNUSED_VARIABLE = YES;
				IPHONEOS_DEPLOYMENT_TARGET = 8.4;
				MTL_ENABLE_DEBUG_INFO = YES;
				ONLY_ACTIVE_ARCH = YES;
				SDKROOT = iphoneos;
				SWIFT_OPTIMIZATION_LEVEL = "-Onone";
				TARGETED_DEVICE_FAMILY = "1,2";
			};
			name = Debug;
		};
		1FEC921A1C847402003A4D07 /* Release */ = {
			isa = XCBuildConfiguration;
			buildSettings = {
				ALWAYS_SEARCH_USER_PATHS = NO;
				CLANG_CXX_LANGUAGE_STANDARD = "gnu++0x";
				CLANG_CXX_LIBRARY = "libc++";
				CLANG_ENABLE_MODULES = YES;
				CLANG_ENABLE_OBJC_ARC = YES;
				CLANG_WARN_BOOL_CONVERSION = YES;
				CLANG_WARN_CONSTANT_CONVERSION = YES;
				CLANG_WARN_DIRECT_OBJC_ISA_USAGE = YES_ERROR;
				CLANG_WARN_EMPTY_BODY = YES;
				CLANG_WARN_ENUM_CONVERSION = YES;
				CLANG_WARN_INT_CONVERSION = YES;
				CLANG_WARN_OBJC_ROOT_CLASS = YES_ERROR;
				CLANG_WARN_UNREACHABLE_CODE = YES;
				CLANG_WARN__DUPLICATE_METHOD_MATCH = YES;
				"CODE_SIGN_IDENTITY[sdk=iphoneos*]" = "iPhone Developer";
				COPY_PHASE_STRIP = NO;
				DEBUG_INFORMATION_FORMAT = "dwarf-with-dsym";
				ENABLE_NS_ASSERTIONS = NO;
				ENABLE_STRICT_OBJC_MSGSEND = YES;
				GCC_C_LANGUAGE_STANDARD = gnu99;
				GCC_NO_COMMON_BLOCKS = YES;
				GCC_WARN_64_TO_32_BIT_CONVERSION = YES;
				GCC_WARN_ABOUT_RETURN_TYPE = YES_ERROR;
				GCC_WARN_UNDECLARED_SELECTOR = YES;
				GCC_WARN_UNINITIALIZED_AUTOS = YES_AGGRESSIVE;
				GCC_WARN_UNUSED_FUNCTION = YES;
				GCC_WARN_UNUSED_VARIABLE = YES;
				IPHONEOS_DEPLOYMENT_TARGET = 8.4;
				MTL_ENABLE_DEBUG_INFO = NO;
				SDKROOT = iphoneos;
				TARGETED_DEVICE_FAMILY = "1,2";
				VALIDATE_PRODUCT = YES;
			};
			name = Release;
		};
		1FEC921C1C847402003A4D07 /* Debug */ = {
			isa = XCBuildConfiguration;
			buildSettings = {
				ASSETCATALOG_COMPILER_APPICON_NAME = AppIcon;
				CLANG_CXX_LIBRARY = "compiler-default";
				CLANG_ENABLE_MODULES = YES;
				FRAMEWORK_SEARCH_PATHS = (
					"$(inherited)",
					"$(PROJECT_DIR)/CarCamera",
				);
				HEADER_SEARCH_PATHS = (
					"$(inherited)",
					/Applications/Xcode.app/Contents/Developer/Toolchains/XcodeDefault.xctoolchain/usr/include,
					"$(SDKROOT)/usr/include/libxml2",
				);
				INFOPLIST_FILE = CarCamera/Info.plist;
				LD_RUNPATH_SEARCH_PATHS = "$(inherited) @executable_path/Frameworks";
				"OTHER_LDFLAGS[arch=*]" = "-lstdc++";
				PRODUCT_NAME = "$(TARGET_NAME)";
				SWIFT_OBJC_BRIDGING_HEADER = "CarCamera/CarCamera-Bridging-Header.h";
				SWIFT_OPTIMIZATION_LEVEL = "-Onone";
				TARGETED_DEVICE_FAMILY = 1;
			};
			name = Debug;
		};
		1FEC921D1C847402003A4D07 /* Release */ = {
			isa = XCBuildConfiguration;
			buildSettings = {
				ASSETCATALOG_COMPILER_APPICON_NAME = AppIcon;
				CLANG_CXX_LIBRARY = "compiler-default";
				CLANG_ENABLE_MODULES = YES;
				FRAMEWORK_SEARCH_PATHS = (
					"$(inherited)",
					"$(PROJECT_DIR)/CarCamera",
				);
				HEADER_SEARCH_PATHS = (
					"$(inherited)",
					/Applications/Xcode.app/Contents/Developer/Toolchains/XcodeDefault.xctoolchain/usr/include,
					"$(SDKROOT)/usr/include/libxml2",
				);
				INFOPLIST_FILE = CarCamera/Info.plist;
				LD_RUNPATH_SEARCH_PATHS = "$(inherited) @executable_path/Frameworks";
				"OTHER_LDFLAGS[arch=*]" = "-lstdc++";
				PRODUCT_NAME = "$(TARGET_NAME)";
				SWIFT_OBJC_BRIDGING_HEADER = "CarCamera/CarCamera-Bridging-Header.h";
				TARGETED_DEVICE_FAMILY = 1;
			};
			name = Release;
		};
		1FEC921F1C847402003A4D07 /* Debug */ = {
			isa = XCBuildConfiguration;
			buildSettings = {
				BUNDLE_LOADER = "$(TEST_HOST)";
				FRAMEWORK_SEARCH_PATHS = (
					"$(SDKROOT)/Developer/Library/Frameworks",
					"$(inherited)",
				);
				GCC_PREPROCESSOR_DEFINITIONS = (
					"DEBUG=1",
					"$(inherited)",
				);
				INFOPLIST_FILE = CarCameraTests/Info.plist;
				LD_RUNPATH_SEARCH_PATHS = "$(inherited) @executable_path/Frameworks @loader_path/Frameworks";
				PRODUCT_NAME = "$(TARGET_NAME)";
				TEST_HOST = "$(BUILT_PRODUCTS_DIR)/CarCamera.app/CarCamera";
			};
			name = Debug;
		};
		1FEC92201C847402003A4D07 /* Release */ = {
			isa = XCBuildConfiguration;
			buildSettings = {
				BUNDLE_LOADER = "$(TEST_HOST)";
				FRAMEWORK_SEARCH_PATHS = (
					"$(SDKROOT)/Developer/Library/Frameworks",
					"$(inherited)",
				);
				INFOPLIST_FILE = CarCameraTests/Info.plist;
				LD_RUNPATH_SEARCH_PATHS = "$(inherited) @executable_path/Frameworks @loader_path/Frameworks";
				PRODUCT_NAME = "$(TARGET_NAME)";
				TEST_HOST = "$(BUILT_PRODUCTS_DIR)/CarCamera.app/CarCamera";
			};
			name = Release;
		};
/* End XCBuildConfiguration section */

/* Begin XCConfigurationList section */
		1FEC91F41C847401003A4D07 /* Build configuration list for PBXProject "CarCamera" */ = {
			isa = XCConfigurationList;
			buildConfigurations = (
				1FEC92191C847402003A4D07 /* Debug */,
				1FEC921A1C847402003A4D07 /* Release */,
			);
			defaultConfigurationIsVisible = 0;
			defaultConfigurationName = Release;
		};
		1FEC921B1C847402003A4D07 /* Build configuration list for PBXNativeTarget "CarCamera" */ = {
			isa = XCConfigurationList;
			buildConfigurations = (
				1FEC921C1C847402003A4D07 /* Debug */,
				1FEC921D1C847402003A4D07 /* Release */,
			);
			defaultConfigurationIsVisible = 0;
			defaultConfigurationName = Release;
		};
		1FEC921E1C847402003A4D07 /* Build configuration list for PBXNativeTarget "CarCameraTests" */ = {
			isa = XCConfigurationList;
			buildConfigurations = (
				1FEC921F1C847402003A4D07 /* Debug */,
				1FEC92201C847402003A4D07 /* Release */,
			);
			defaultConfigurationIsVisible = 0;
			defaultConfigurationName = Release;
		};
/* End XCConfigurationList section */

/* Begin XCVersionGroup section */
		1FEC92001C847401003A4D07 /* CarCamera.xcdatamodeld */ = {
			isa = XCVersionGroup;
			children = (
				1FEC92011C847401003A4D07 /* CarCamera.xcdatamodel */,
			);
			currentVersion = 1FEC92011C847401003A4D07 /* CarCamera.xcdatamodel */;
			path = CarCamera.xcdatamodeld;
			sourceTree = "<group>";
			versionGroupType = wrapper.xcdatamodel;
		};
/* End XCVersionGroup section */
	};
	rootObject = 1FEC91F11C847401003A4D07 /* Project object */;
}
